#MicroXplorer Configuration settings - do not modify
#Mon Feb 23 17:56:17 MST 2015
ADC1.AWD1WatchdogNumber-WatchDog=ADC_ANALOGWATCHDOG_1
ADC1.Channel=ADC_CHANNEL_TEMPSENSOR
ADC1.Channel-0\#ChannelRegularConversion=ADC_CHANNEL_3
ADC1.Channel-IN=ADC_CHANNEL_VBAT
ADC1.Channel-IN-TempSens=ADC_CHANNEL_TEMPSENSOR
ADC1.Channel-IN-Vbat=ADC_CHANNEL_VBAT
ADC1.Channel-IN3=ADC_CHANNEL_3
ADC1.Channel-IN3-Single-Ended=ADC_CHANNEL_3
ADC1.IPParameters=Mode-ADCs_Common_Settings,Rank-0\#ChannelRegularConversion,Channel-IN-TempSens,SamplingTime-0\#ChannelRegularConversion,OffsetNumber-0\#ChannelRegularConversion,Channel,Channel-IN3,Offset-0\#ChannelRegularConversion,Channel-IN3-Single-Ended,Channel-0\#ChannelRegularConversion,Channel-IN,Channel-IN-Vbat,master,NbrOfConversionFlag,AWD1WatchdogNumber-WatchDog
ADC1.Mode-ADCs_Common_Settings=__NULL
ADC1.NbrOfConversionFlag=1
ADC1.Offset-0\#ChannelRegularConversion=0
ADC1.OffsetNumber-0\#ChannelRegularConversion=ADC_OFFSET_NONE
ADC1.Rank-0\#ChannelRegularConversion=1
ADC1.SamplingTime-0\#ChannelRegularConversion=ADC_SAMPLETIME_1CYCLE_5
ADC1.master=1
CAN.CalculateTimeBit-Master=6000
CAN.CalculateTimeQuantum-Master=2000
CAN.IPParameters=CalculateTimeQuantum-Master,CalculateTimeBit-Master
COMP1.IPParameters=NonInvertingInput-INP
COMP1.NonInvertingInput-INP=COMP_NONINVERTINGINPUT_IO1
COMP2.IPParameters=NonInvertingInput-INP
COMP2.NonInvertingInput-INP=COMP_NONINVERTINGINPUT_IO2
COMP4.IPParameters=NonInvertingInput-INP
COMP4.NonInvertingInput-INP=COMP_NONINVERTINGINPUT_IO1
COMP6.IPParameters=NonInvertingInput-INP
COMP6.NonInvertingInput-INP=COMP_NONINVERTINGINPUT_IO2
File.Version=4
KeepUserPlacement=false
Mcu.Family=STM32F3
Mcu.IP0=ADC1
Mcu.IP1=CAN
Mcu.IP10=RTC
Mcu.IP11=SPI1
Mcu.IP12=SPI2
Mcu.IP13=SYS
Mcu.IP14=USART1
Mcu.IP15=USB
Mcu.IP16=WWDG
Mcu.IP2=COMP1
Mcu.IP3=COMP2
Mcu.IP4=COMP4
Mcu.IP5=COMP6
Mcu.IP6=CRC
Mcu.IP7=IWDG
Mcu.IP8=NVIC
Mcu.IP9=RCC
Mcu.IPNb=17
Mcu.Name=STM32F303C(B-C)Tx
Mcu.Package=LQFP48
Mcu.Pin0=PC13
Mcu.Pin1=PC14-OSC32_IN
Mcu.Pin10=PA5
Mcu.Pin11=PA6
Mcu.Pin12=PA7
Mcu.Pin13=PB0
Mcu.Pin14=PB1
Mcu.Pin15=PB2
Mcu.Pin16=PB10
Mcu.Pin17=PB11
Mcu.Pin18=PB12
Mcu.Pin19=PB13
Mcu.Pin2=PC15-OSC32_OUT
Mcu.Pin20=PB14
Mcu.Pin21=PB15
Mcu.Pin22=PA8
Mcu.Pin23=PA9
Mcu.Pin24=PA10
Mcu.Pin25=PA11
Mcu.Pin26=PA12
Mcu.Pin27=PA13
Mcu.Pin28=PA14
Mcu.Pin29=PA15
Mcu.Pin3=PF0-OSC_IN
Mcu.Pin30=PB3
Mcu.Pin31=PB4
Mcu.Pin32=PB5
Mcu.Pin33=PB6
Mcu.Pin34=PB7
Mcu.Pin35=PB8
Mcu.Pin36=PB9
Mcu.Pin37=VP_ADC1_TempSens_Input
Mcu.Pin38=VP_ADC1_Vbat_Input
Mcu.Pin39=VP_CRC_VS_CRC
Mcu.Pin4=PF1-OSC_OUT
Mcu.Pin40=VP_IWDG_VS_IWDG
Mcu.Pin41=VP_RTC_VS_RTC_Alarm_B_Intern
Mcu.Pin42=VP_RTC_VS_RTC_Alarm_A_Intern
Mcu.Pin43=VP_WWDG_VS_WWDG
Mcu.Pin5=PA0
Mcu.Pin6=PA1
Mcu.Pin7=PA2
Mcu.Pin8=PA3
Mcu.Pin9=PA4
Mcu.PinsNb=44
Mcu.UserName=STM32F303CCTx
NVIC.PriorityGroup=NVIC_PRIORITYGROUP_4
NVIC.SysTick_IRQn=true\:0\:0
PA0.GPIOParameters=GPIO_Label
PA0.GPIO_Label=Button 1
PA0.Mode=Wake-Up-1
PA0.Signal=SYS_WKUP1
PA1.GPIOParameters=GPIO_Label
PA1.GPIO_Label=Battery Current
PA1.Mode=INP
PA1.Signal=COMP1_INP
PA10.GPIOParameters=GPIO_Label
PA10.GPIO_Label=LED_R
PA10.Locked=true
PA10.Signal=GPIO_Output
PA11.Mode=Device
PA11.Signal=USB_DM
PA12.Mode=Device
PA12.Signal=USB_DP
PA13.Mode=JTAG(5-pin)
PA13.Signal=SYS_JTMS-SWDIO
PA14.Mode=JTAG(5-pin)
PA14.Signal=SYS_JTCK-SWCLK
PA15.GPIOParameters=GPIO_Label
PA15.GPIO_Label=Interlock
PA15.Mode=JTAG(5-pin)
PA15.Signal=SYS_JTDI
PA2.GPIOParameters=GPIO_Label
PA2.GPIO_Label=Chage Current
PA2.Locked=true
PA2.Mode=IN3-Single-Ended
PA2.Signal=ADC1_IN3
PA3.GPIOParameters=GPIO_Label
PA3.GPIO_Label=Battery Voltage
PA3.Mode=INP
PA3.Signal=COMP2_INP
PA4.Locked=true
PA4.Mode=NSS_Signal_Hard
PA4.Signal=SPI1_NSS
PA5.Mode=Full_Duplex_Master
PA5.Signal=SPI1_SCK
PA6.Mode=Full_Duplex_Master
PA6.Signal=SPI1_MISO
PA7.Mode=Full_Duplex_Master
PA7.Signal=SPI1_MOSI
PA8.GPIOParameters=GPIO_Label
PA8.GPIO_Label=LED_B
PA8.Locked=true
PA8.Signal=GPIO_Output
PA9.GPIOParameters=GPIO_Label
PA9.GPIO_Label=LED_G
PA9.Locked=true
PA9.Signal=GPIO_Output
PB0.GPIOParameters=GPIO_Label
PB0.GPIO_Label=Discharge Voltage
PB0.Mode=INP
PB0.Signal=COMP4_INP
PB1.GPIOParameters=GPIO_Label
PB1.GPIO_Label=Charge Enable
PB1.Locked=true
PB1.Signal=GPIO_Output
PB10.GPIOParameters=GPIO_Label
PB10.GPIO_Label=3V3 Power good
PB10.Locked=true
PB10.Signal=GPIO_Input
PB11.GPIOParameters=GPIO_Label
PB11.GPIO_Label=Discharge voltage
PB11.Mode=INP
PB11.Signal=COMP6_INP
PB12.Locked=true
PB12.Mode=NSS_Signal_Hard
PB12.Signal=SPI2_NSS
PB13.Mode=Full_Duplex_Master
PB13.Signal=SPI2_SCK
PB14.Mode=Full_Duplex_Master
PB14.Signal=SPI2_MISO
PB15.Mode=Full_Duplex_Master
PB15.Signal=SPI2_MOSI
PB2.GPIOParameters=GPIO_Label
PB2.GPIO_Label=Discharge Enable
PB2.Locked=true
PB2.Signal=GPIO_Output
PB3.Mode=JTAG(5-pin)
PB3.Signal=SYS_JTDO-TRACESWO
PB4.GPIOParameters=GPIO_Label
PB4.GPIO_Label=Fault
PB4.Mode=JTAG(5-pin)
PB4.Signal=SYS_NJTRST
PB5.GPIOParameters=GPIO_Label
PB5.GPIO_Label=CAN_PWR
PB5.Locked=true
PB5.Signal=GPIO_Input
PB6.Locked=true
PB6.Mode=Asynchronous
PB6.Signal=USART1_TX
PB7.Locked=true
PB7.Mode=Asynchronous
PB7.Signal=USART1_RX
PB8.Mode=Master
PB8.Signal=CAN_RX
PB9.Mode=Master
PB9.Signal=CAN_TX
PC13.GPIOParameters=GPIO_Label
PC13.GPIO_Label=Button 2
PC13.Locked=true
PC13.Mode=WakeUp
PC13.Signal=RTC_OUT_ALARM
PC14-OSC32_IN.Mode=LSE-External-Oscillator
PC14-OSC32_IN.Signal=RCC_OSC32_IN
PC15-OSC32_OUT.Mode=LSE-External-Oscillator
PC15-OSC32_OUT.Signal=RCC_OSC32_OUT
PCC.Family=STM32F3
PCC.MCU=STM32F303C(B-C)Tx
PCC.MXVersion=4.4.0
PCC.PartNumber=STM32F303CCTx
PCC.Seq0=0
PCC.SubFamily=STM32F303
PCC.Temperature=25
PCC.Vdd=3.6
PF0-OSC_IN.Mode=HSE-External-Oscillator
PF0-OSC_IN.Signal=RCC_OSC_IN
PF1-OSC_OUT.Mode=HSE-External-Oscillator
PF1-OSC_OUT.Signal=RCC_OSC_OUT
RCC.ADC12outputFreq_Value=16000000
RCC.ADC1Enable-ClockTree=true
RCC.ADC2Enable-ClockTree=false
RCC.ADC34outputFreq_Value=16000000
RCC.ADC3Enable-ClockTree=false
RCC.ADC4Enable-ClockTree=false
RCC.AHBFreq_Value=8000000
RCC.APB1Freq_Value=8000000
RCC.APB2Freq_Value=8000000
RCC.EnableHSE-ClockTree=true
RCC.EnableHSERTCDevisor-ClockTree=true
RCC.EnableHSIRTCDevisor-ClockTree=true
RCC.EnableLSE-ClockTree=true
RCC.EnableLSERTC-ClockTree=true
RCC.EnableMCOMultDivisor-ClockTree=false
RCC.FLITFCLKFEnable-ClockTree=false
RCC.FLatency-AdvancedSettings=FLASH_LATENCY_0
RCC.FamilyName=M
RCC.HRTIMEnable-ClockTree=false
RCC.HSEPLLFreq_Value=8000000
RCC.HSEState-ClockTree=RCC_HSE_ON
RCC.HSE_VALUE=8000000
RCC.HSIPLLFreq_Value=4000000
RCC.HSIState-ClockTree=RCC_HSI_ON
RCC.HSI_VALUE=8000000
RCC.I2C1Enable-ClockTree=false
RCC.I2C1Freq_Value=8000000
RCC.I2C2Enable-ClockTree=false
RCC.I2C2Freq_Value=8000000
RCC.I2C3Enable-ClockTree=false
RCC.I2SEnable-ClockTree=false
RCC.IPParameters=EnableHSIRTCDevisor-ClockTree,OscillatorTypeHSE-ClockTree,RTCEnable-ClockTree,SYSCLKFreq_VALUE,EnableLSE-ClockTree,I2C2Enable-ClockTree,FamilyName,PLLCLKFreq_Value,RTCHSEDivFreq_Value,USBEnable-ClockTree,USBFreq_Value,LSE_VALUE,RTCFreq_Value,I2C2Freq_Value,PLLMCOFreq_Value,I2SEnable-ClockTree,IWDGEnable-ClockTree,USART3Enable-ClockTree,Tim17Enable-ClockTree,Tim1Enable-ClockTree,UART4Enable-ClockTree,I2C3Enable-ClockTree,ADC34outputFreq_Value,APB2Freq_Value,FLatency-AdvancedSettings,ADC3Enable-ClockTree,TIM2Freq_Value,HSEPLLFreq_Value,EnableLSERTC-ClockTree,HSE_VALUE,UART5Enable-ClockTree,ADC1Enable-ClockTree,USART2Enable-ClockTree,VCOOutput2Freq_Value,Tim8Enable-ClockTree,USART2Freq_Value,HSI_VALUE,MCOEnable-ClockTree,OscillatorTypeHSI-ClockTree,EnableMCOMultDivisor-ClockTree,I2C1Enable-ClockTree,HSIState-ClockTree,LSIState-ClockTree,ADC4Enable-ClockTree,HRTIMEnable-ClockTree,Tim15Enable-ClockTree,Tim16Enable-ClockTree,PLLState-ClockTree,USART1Freq_Value,RCC_PERIPHCLK_USART1Var-ClockTree,ADC12outputFreq_Value,APB1Freq_Value,HSIPLLFreq_Value,HSEState-ClockTree,AHBFreq_Value,LSI_VALUE,FLITFCLKFEnable-ClockTree,I2C1Freq_Value,USART1Enable-ClockTree,RCC_PERIPHCLK_RTCVar-ClockTree,EnableHSE-ClockTree,ADC2Enable-ClockTree,LSEState-ClockTree,OscillatorTypeLSI-ClockTree,EnableHSERTCDevisor-ClockTree,USART3Freq_Value
RCC.IWDGEnable-ClockTree=true
RCC.LSEState-ClockTree=RCC_LSE_ON
RCC.LSE_VALUE=32768
RCC.LSIState-ClockTree=RCC_LSI_ON
RCC.LSI_VALUE=40000
RCC.MCOEnable-ClockTree=false
RCC.OscillatorTypeHSE-ClockTree=
RCC.OscillatorTypeHSI-ClockTree=RCC_OSCILLATORTYPE_HSI
RCC.OscillatorTypeLSI-ClockTree=RCC_OSCILLATORTYPE_LSI
RCC.PLLCLKFreq_Value=16000000
RCC.PLLMCOFreq_Value=8000000
RCC.PLLState-ClockTree=RCC_PLL_ON
RCC.RCC_PERIPHCLK_RTCVar-ClockTree=RCC_PERIPHCLK_RTC
RCC.RCC_PERIPHCLK_USART1Var-ClockTree=RCC_PERIPHCLK_USART1
RCC.RTCEnable-ClockTree=true
RCC.RTCFreq_Value=40000
RCC.RTCHSEDivFreq_Value=250000
RCC.SYSCLKFreq_VALUE=8000000
RCC.TIM2Freq_Value=8000000
RCC.Tim15Enable-ClockTree=false
RCC.Tim16Enable-ClockTree=false
RCC.Tim17Enable-ClockTree=false
RCC.Tim1Enable-ClockTree=false
RCC.Tim8Enable-ClockTree=false
RCC.UART4Enable-ClockTree=false
RCC.UART5Enable-ClockTree=false
RCC.USART1Enable-ClockTree=true
RCC.USART1Freq_Value=8000000
RCC.USART2Enable-ClockTree=false
RCC.USART2Freq_Value=8000000
RCC.USART3Enable-ClockTree=false
RCC.USART3Freq_Value=8000000
RCC.USBEnable-ClockTree=true
RCC.USBFreq_Value=16000000
RCC.VCOOutput2Freq_Value=8000000
RTC.Alarm-Alarm\ A=RTC_ALARM_A
RTC.Alarm_B-Alarm\ B=RTC_ALARM_B
RTC.IPParameters=Alarm_B-Alarm B,OutPut-WakeUp,OutPut-Alarm B,OutPut-Alarm A,Alarm-Alarm A
RTC.OutPut-Alarm\ A=RTC_OUTPUT_WAKEUP
RTC.OutPut-Alarm\ B=RTC_OUTPUT_WAKEUP
RTC.OutPut-WakeUp=RTC_OUTPUT_WAKEUP
SPI1.CRCCalculation-Full_Duplex_Master=SPI_CRCCALCULATION_DISABLED
SPI1.CalculateBaudRate-Full_Duplex_Master=4.0 MBits/s
SPI1.Direction-Full_Duplex_Master=SPI_DIRECTION_2LINES
SPI1.IPParameters=Direction-Full_Duplex_Master,CalculateBaudRate-Full_Duplex_Master,VirtualType-Full_Duplex_Master,CRCCalculation-Full_Duplex_Master,VirtualNSS,Mode-Full_Duplex_Master,VirtualNSS-NSS_Signal_Hard
SPI1.Mode-Full_Duplex_Master=SPI_MODE_MASTER
SPI1.VirtualNSS=VM_NSSHARD
SPI1.VirtualNSS-NSS_Signal_Hard=VM_NSSHARD
SPI1.VirtualType-Full_Duplex_Master=VM_MASTER
SPI2.CRCCalculation-Full_Duplex_Master=SPI_CRCCALCULATION_DISABLED
SPI2.CalculateBaudRate-Full_Duplex_Master=4.0 MBits/s
SPI2.Direction-Full_Duplex_Master=SPI_DIRECTION_2LINES
SPI2.IPParameters=Direction-Full_Duplex_Master,CalculateBaudRate-Full_Duplex_Master,VirtualType-Full_Duplex_Master,CRCCalculation-Full_Duplex_Master,VirtualNSS,Mode-Full_Duplex_Master,VirtualNSS-NSS_Signal_Hard
SPI2.Mode-Full_Duplex_Master=SPI_MODE_MASTER
SPI2.VirtualNSS=VM_NSSHARD
SPI2.VirtualNSS-NSS_Signal_Hard=VM_NSSHARD
SPI2.VirtualType-Full_Duplex_Master=VM_MASTER
USART1.HwFlowCtl-Asynchronous=UART_HWCONTROL_NONE
USART1.IPParameters=VirtualMode-Asynchronous,HwFlowCtl-Asynchronous
USART1.VirtualMode-Asynchronous=VM_ASYNC
USB.IPParameters=phy_itface-Device,speed-Device
USB.phy_itface-Device=PCD_PHY_EMBEDDED
USB.speed-Device=PCD_SPEED_FULL
VP_ADC1_TempSens_Input.Mode=IN-TempSens
VP_ADC1_TempSens_Input.Signal=ADC1_TempSens_Input
VP_ADC1_Vbat_Input.Mode=IN-Vbat
VP_ADC1_Vbat_Input.Signal=ADC1_Vbat_Input
VP_CRC_VS_CRC.Mode=CRC_Activate
VP_CRC_VS_CRC.Signal=CRC_VS_CRC
VP_IWDG_VS_IWDG.Mode=IWDG_Activate
VP_IWDG_VS_IWDG.Signal=IWDG_VS_IWDG
VP_RTC_VS_RTC_Alarm_A_Intern.Mode=Alarm A
VP_RTC_VS_RTC_Alarm_A_Intern.Signal=RTC_VS_RTC_Alarm_A_Intern
VP_RTC_VS_RTC_Alarm_B_Intern.Mode=Alarm B
VP_RTC_VS_RTC_Alarm_B_Intern.Signal=RTC_VS_RTC_Alarm_B_Intern
VP_WWDG_VS_WWDG.Mode=WWDG_Activate
VP_WWDG_VS_WWDG.Signal=WWDG_VS_WWDG
